{
  "version": 4,
  "terraform_version": "0.12.19",
  "serial": 114,
  "lineage": "18785197-28d6-149c-d8c1-10206e97a394",
  "outputs": {},
  "resources": [
    {
      "mode": "managed",
      "type": "digitalocean_certificate",
      "name": "scaling-certificate",
      "provider": "provider.digitalocean",
      "instances": [
        {
          "schema_version": 0,
          "attributes": {
            "certificate_chain": null,
            "domains": [
              "demos.fred.dev"
            ],
            "id": "2eb17ecb-82ed-4ab3-96e9-1544aa4a17a1",
            "leaf_certificate": null,
            "name": "scaling-certificate",
            "not_after": "2020-05-06T19:26:12Z",
            "private_key": null,
            "sha1_fingerprint": "a04eef498d5376b08438145a34687e88a3dbe78e",
            "state": "verified",
            "type": "lets_encrypt"
          },
          "private": "bnVsbA=="
        }
      ]
    },
    {
      "mode": "managed",
      "type": "digitalocean_database_cluster",
      "name": "scaling-dbass-mysql",
      "provider": "provider.digitalocean",
      "instances": [
        {
          "schema_version": 0,
          "attributes": {
            "database": "defaultdb",
            "engine": "mysql",
            "host": "scaling-dbass-mysql-do-user-6090353-0.db.ondigitalocean.com",
            "id": "5744f6a1-8d7b-46c4-a5cc-20365568b706",
            "maintenance_window": [],
            "name": "scaling-dbass-mysql",
            "node_count": 1,
            "password": "nptfvu9x7djd3ud7",
            "port": 25060,
            "region": "nyc3",
            "size": "db-s-1vcpu-1gb",
            "uri": "mysql://doadmin:nptfvu9x7djd3ud7@scaling-dbass-mysql-do-user-6090353-0.db.ondigitalocean.com:25060/defaultdb?ssl-mode=REQUIRED",
            "urn": "do:dbaas:5744f6a1-8d7b-46c4-a5cc-20365568b706",
            "user": "doadmin",
            "version": "8"
          },
          "private": "bnVsbA=="
        }
      ]
    },
    {
      "mode": "managed",
      "type": "digitalocean_droplet",
      "name": "scaling-droplet1",
      "provider": "provider.digitalocean",
      "instances": [
        {
          "schema_version": 1,
          "attributes": {
            "backups": false,
            "disk": 25,
            "id": "179107539",
            "image": "ubuntu-18-04-x64",
            "ipv4_address": "159.203.119.225",
            "ipv4_address_private": "",
            "ipv6": false,
            "ipv6_address": "",
            "ipv6_address_private": null,
            "locked": false,
            "memory": 1024,
            "monitoring": false,
            "name": "scaling-droplet1",
            "price_hourly": 0.00744,
            "price_monthly": 5,
            "private_networking": false,
            "region": "nyc3",
            "resize_disk": true,
            "size": "s-1vcpu-1gb",
            "ssh_keys": null,
            "status": "active",
            "tags": null,
            "urn": "do:droplet:179107539",
            "user_data": null,
            "vcpus": 1,
            "volume_ids": []
          },
          "private": "eyJzY2hlbWFfdmVyc2lvbiI6IjEifQ=="
        }
      ]
    },
    {
      "mode": "managed",
      "type": "digitalocean_droplet",
      "name": "scaling-droplet2",
      "provider": "provider.digitalocean",
      "instances": [
        {
          "schema_version": 1,
          "attributes": {
            "backups": false,
            "disk": 25,
            "id": "179107540",
            "image": "ubuntu-18-04-x64",
            "ipv4_address": "167.71.98.226",
            "ipv4_address_private": "",
            "ipv6": false,
            "ipv6_address": "",
            "ipv6_address_private": null,
            "locked": false,
            "memory": 1024,
            "monitoring": false,
            "name": "scaling-droplet2",
            "price_hourly": 0.00744,
            "price_monthly": 5,
            "private_networking": false,
            "region": "nyc3",
            "resize_disk": true,
            "size": "s-1vcpu-1gb",
            "ssh_keys": null,
            "status": "active",
            "tags": null,
            "urn": "do:droplet:179107540",
            "user_data": null,
            "vcpus": 1,
            "volume_ids": []
          },
          "private": "eyJzY2hlbWFfdmVyc2lvbiI6IjEifQ=="
        }
      ]
    },
    {
      "mode": "managed",
      "type": "digitalocean_droplet",
      "name": "scaling-wordpress",
      "provider": "provider.digitalocean",
      "instances": [
        {
          "schema_version": 1,
          "attributes": {
            "backups": false,
            "disk": 25,
            "id": "179107538",
            "image": "wordpress-18-04",
            "ipv4_address": "45.55.35.213",
            "ipv4_address_private": "",
            "ipv6": false,
            "ipv6_address": "",
            "ipv6_address_private": null,
            "locked": false,
            "memory": 1024,
            "monitoring": false,
            "name": "scaling-wordpress",
            "price_hourly": 0.00744,
            "price_monthly": 5,
            "private_networking": false,
            "region": "nyc3",
            "resize_disk": true,
            "size": "s-1vcpu-1gb",
            "ssh_keys": [
              "99:d2:d0:a0:da:84:d0:e4:96:eb:7c:60:f2:de:cb:56"
            ],
            "status": "active",
            "tags": null,
            "urn": "do:droplet:179107538",
            "user_data": null,
            "vcpus": 1,
            "volume_ids": []
          },
          "private": "eyJzY2hlbWFfdmVyc2lvbiI6IjEifQ=="
        }
      ]
    },
    {
      "mode": "managed",
      "type": "digitalocean_kubernetes_cluster",
      "name": "scaling-k8s",
      "provider": "provider.digitalocean",
      "instances": [
        {
          "schema_version": 1,
          "attributes": {
            "cluster_subnet": "10.244.0.0/16",
            "created_at": "2020-02-06 20:26:10 +0000 UTC",
            "endpoint": "https://228592b2-e648-4f27-9751-2fbc3ab9a15a.k8s.ondigitalocean.com",
            "id": "228592b2-e648-4f27-9751-2fbc3ab9a15a",
            "ipv4_address": "134.209.175.27",
            "kube_config": [
              {
                "client_certificate": "",
                "client_key": "",
                "cluster_ca_certificate": "LS0tLS1CRUdJTiBDRVJUSUZJQ0FURS0tLS0tCk1JSURKekNDQWcrZ0F3SUJBZ0lDQm5Vd0RRWUpLb1pJaHZjTkFRRUxCUUF3TXpFVk1CTUdBMVVFQ2hNTVJHbG4KYVhSaGJFOWpaV0Z1TVJvd0dBWURWUVFERXhGck9ITmhZWE1nUTJ4MWMzUmxjaUJEUVRBZUZ3MHlNREF5TURZeQpNREkyTVRkYUZ3MDBNREF5TURZeU1ESTJNVGRhTURNeEZUQVRCZ05WQkFvVERFUnBaMmwwWVd4UFkyVmhiakVhCk1CZ0dBMVVFQXhNUmF6aHpZV0Z6SUVOc2RYTjBaWElnUTBFd2dnRWlNQTBHQ1NxR1NJYjNEUUVCQVFVQUE0SUIKRHdBd2dnRUtBb0lCQVFEYlZqRkVGRWNpbHAxUG1KeDAzWUJEYWJFN0JsYVgxd05Pc3VPUDFjV0NMMW95V245WQpGOUdVeG1vUnZIL3ZRTENYdmFtbEY2Z1RDZU9KaHpHeEJJOEpBYzJUWTBLZTA3R1RYSlp2d0FRU3NzU2pPS1hICjBZb3NrcW05UTJsNFZTZ1l6WDFJSWkzeWZzcHRFeXQ3bDJkWStDcnBYOFJ5MmJNeC9DanppUWQ5ZzJFSzBSdEoKcStSU3kwSjNVN2VtelBqUnhqQ3dOOXFINFJ4dnBjUjd6UzVhUnhZM1NReEphMFErMllscXlva2tQcDhnVEZjUworVEZYeENaanVHWXUzMFcvMHFGcktnQlNNc01sS1NXbDluVm5NaDBMeEpLRnRidUE4bjJTUmVSZEI5dHdSdHR1CjAyT1h2U3R6QmpTZk94c285YWdjQ0NORmJ6aE1hY255VWpYbEFnTUJBQUdqUlRCRE1BNEdBMVVkRHdFQi93UUUKQXdJQmhqQVNCZ05WSFJNQkFmOEVDREFHQVFIL0FnRUFNQjBHQTFVZERnUVdCQlJCZlZMU3ltN25mVXdRVTJyVwovQTZxYnlQSS96QU5CZ2txaGtpRzl3MEJBUXNGQUFPQ0FRRUF0UGNmT2V2VlZHVHYvaUFiclBObmtLMU5ieDZWCjd4aEc3TTdRK01OK3o1b0l6S1MyR2hQZVBKWkdHWFlmSlcrWDRFMmE1Q05Nb1QwNFZPSGNtR044bll5TDUvaUoKaFE0Y3BONHBuNDk2KzczVEwxYW4wRWd3dm0xdWVuNm9seFludzhUbXloS3FOZVV2QXplLzhHdWpEei9EME1oMQpBQ21CbnBBQzZMeTV5NjRrWi90UGJYZDhlV3prUE9WbVhIZEhtZnJGdEdvKzNsb2owOG1QS0pFK25zNW9WMkdTCjFyRFRZWiswVGFKY0VUcldLTERjTjR0YUJpQlB3QitKdDZVWlJQK0VyL0llYWhvNDZwd0pkNmFkNDNlMGZTMEcKVlRMZ1hWek5TNDFSTmFwZFVFQWFOK3JxV3ZoNUwrcmFkSDhoSjNVRm9QUWdaL3hJUGUrdzhWMklLZz09Ci0tLS0tRU5EIENFUlRJRklDQVRFLS0tLS0K",
                "host": "https://228592b2-e648-4f27-9751-2fbc3ab9a15a.k8s.ondigitalocean.com",
                "raw_config": "apiVersion: v1\nclusters:\n- cluster:\n    certificate-authority-data: LS0tLS1CRUdJTiBDRVJUSUZJQ0FURS0tLS0tCk1JSURKekNDQWcrZ0F3SUJBZ0lDQm5Vd0RRWUpLb1pJaHZjTkFRRUxCUUF3TXpFVk1CTUdBMVVFQ2hNTVJHbG4KYVhSaGJFOWpaV0Z1TVJvd0dBWURWUVFERXhGck9ITmhZWE1nUTJ4MWMzUmxjaUJEUVRBZUZ3MHlNREF5TURZeQpNREkyTVRkYUZ3MDBNREF5TURZeU1ESTJNVGRhTURNeEZUQVRCZ05WQkFvVERFUnBaMmwwWVd4UFkyVmhiakVhCk1CZ0dBMVVFQXhNUmF6aHpZV0Z6SUVOc2RYTjBaWElnUTBFd2dnRWlNQTBHQ1NxR1NJYjNEUUVCQVFVQUE0SUIKRHdBd2dnRUtBb0lCQVFEYlZqRkVGRWNpbHAxUG1KeDAzWUJEYWJFN0JsYVgxd05Pc3VPUDFjV0NMMW95V245WQpGOUdVeG1vUnZIL3ZRTENYdmFtbEY2Z1RDZU9KaHpHeEJJOEpBYzJUWTBLZTA3R1RYSlp2d0FRU3NzU2pPS1hICjBZb3NrcW05UTJsNFZTZ1l6WDFJSWkzeWZzcHRFeXQ3bDJkWStDcnBYOFJ5MmJNeC9DanppUWQ5ZzJFSzBSdEoKcStSU3kwSjNVN2VtelBqUnhqQ3dOOXFINFJ4dnBjUjd6UzVhUnhZM1NReEphMFErMllscXlva2tQcDhnVEZjUworVEZYeENaanVHWXUzMFcvMHFGcktnQlNNc01sS1NXbDluVm5NaDBMeEpLRnRidUE4bjJTUmVSZEI5dHdSdHR1CjAyT1h2U3R6QmpTZk94c285YWdjQ0NORmJ6aE1hY255VWpYbEFnTUJBQUdqUlRCRE1BNEdBMVVkRHdFQi93UUUKQXdJQmhqQVNCZ05WSFJNQkFmOEVDREFHQVFIL0FnRUFNQjBHQTFVZERnUVdCQlJCZlZMU3ltN25mVXdRVTJyVwovQTZxYnlQSS96QU5CZ2txaGtpRzl3MEJBUXNGQUFPQ0FRRUF0UGNmT2V2VlZHVHYvaUFiclBObmtLMU5ieDZWCjd4aEc3TTdRK01OK3o1b0l6S1MyR2hQZVBKWkdHWFlmSlcrWDRFMmE1Q05Nb1QwNFZPSGNtR044bll5TDUvaUoKaFE0Y3BONHBuNDk2KzczVEwxYW4wRWd3dm0xdWVuNm9seFludzhUbXloS3FOZVV2QXplLzhHdWpEei9EME1oMQpBQ21CbnBBQzZMeTV5NjRrWi90UGJYZDhlV3prUE9WbVhIZEhtZnJGdEdvKzNsb2owOG1QS0pFK25zNW9WMkdTCjFyRFRZWiswVGFKY0VUcldLTERjTjR0YUJpQlB3QitKdDZVWlJQK0VyL0llYWhvNDZwd0pkNmFkNDNlMGZTMEcKVlRMZ1hWek5TNDFSTmFwZFVFQWFOK3JxV3ZoNUwrcmFkSDhoSjNVRm9QUWdaL3hJUGUrdzhWMklLZz09Ci0tLS0tRU5EIENFUlRJRklDQVRFLS0tLS0K\n    server: https://228592b2-e648-4f27-9751-2fbc3ab9a15a.k8s.ondigitalocean.com\n  name: do-nyc3-scaling-k8s\ncontexts:\n- context:\n    cluster: do-nyc3-scaling-k8s\n    user: do-nyc3-scaling-k8s-admin\n  name: do-nyc3-scaling-k8s\ncurrent-context: do-nyc3-scaling-k8s\nkind: Config\npreferences: {}\nusers:\n- name: do-nyc3-scaling-k8s-admin\n  user:\n    token: 68c9c255b3778990800361bdd2550457ce9a4377e9edb93e5d30a6a0ddf977e4\n"
              }
            ],
            "name": "scaling-k8s",
            "node_pool": [
              {
                "id": "35862b82-cbb1-4669-b401-f7f939d99ba9",
                "name": "scaling-k8s--pool",
                "node_count": 2,
                "nodes": [
                  {
                    "created_at": "2020-02-06 20:26:10 +0000 UTC",
                    "id": "3cf72851-ee3d-43bc-9456-9e78dbc2c35f",
                    "name": "scaling-k8s--pool-v6dy",
                    "status": "running",
                    "updated_at": "2020-02-06 20:30:30 +0000 UTC"
                  },
                  {
                    "created_at": "2020-02-06 20:26:10 +0000 UTC",
                    "id": "54c1a413-2a70-4b8e-b8dd-e2f1c7552b49",
                    "name": "scaling-k8s--pool-v6dx",
                    "status": "running",
                    "updated_at": "2020-02-06 20:30:30 +0000 UTC"
                  }
                ],
                "size": "s-2vcpu-2gb",
                "tags": null
              }
            ],
            "region": "nyc3",
            "service_subnet": "10.245.0.0/16",
            "status": "running",
            "tags": null,
            "updated_at": "2020-02-06 20:31:10 +0000 UTC",
            "version": "1.16.6-do.0"
          },
          "private": "eyJzY2hlbWFfdmVyc2lvbiI6IjEifQ=="
        }
      ]
    },
    {
      "mode": "managed",
      "type": "digitalocean_loadbalancer",
      "name": "scaling-lbass",
      "provider": "provider.digitalocean",
      "instances": [
        {
          "schema_version": 0,
          "attributes": {
            "algorithm": "round_robin",
            "droplet_ids": [
              179107539,
              179107540
            ],
            "droplet_tag": "",
            "enable_proxy_protocol": false,
            "forwarding_rule": [
              {
                "certificate_id": "2eb17ecb-82ed-4ab3-96e9-1544aa4a17a1",
                "entry_port": 443,
                "entry_protocol": "https",
                "target_port": 80,
                "target_protocol": "http",
                "tls_passthrough": false
              }
            ],
            "healthcheck": [
              {
                "check_interval_seconds": 10,
                "healthy_threshold": 5,
                "path": "/",
                "port": 80,
                "protocol": "http",
                "response_timeout_seconds": 5,
                "unhealthy_threshold": 3
              }
            ],
            "id": "b4a7b8a7-304f-42e1-98ac-d21c537b8e65",
            "ip": "138.197.57.169",
            "name": "scaling-lbass",
            "redirect_http_to_https": false,
            "region": "nyc3",
            "status": "active",
            "sticky_sessions": [
              {
                "cookie_name": "",
                "cookie_ttl_seconds": 0,
                "type": "none"
              }
            ],
            "urn": "do:loadbalancer:b4a7b8a7-304f-42e1-98ac-d21c537b8e65"
          },
          "private": "bnVsbA==",
          "dependencies": [
            "digitalocean_certificate.scaling-certificate",
            "digitalocean_droplet.scaling-droplet1",
            "digitalocean_droplet.scaling-droplet2"
          ]
        }
      ]
    },
    {
      "mode": "managed",
      "type": "digitalocean_project",
      "name": "scaling",
      "provider": "provider.digitalocean",
      "instances": []
    },
    {
      "mode": "managed",
      "type": "digitalocean_spaces_bucket",
      "name": "scaling-spaces",
      "provider": "provider.digitalocean",
      "instances": [
        {
          "schema_version": 0,
          "attributes": {
            "acl": "private",
            "bucket_domain_name": "scaling-spaces.nyc3.digitaloceanspaces.com",
            "force_destroy": false,
            "id": "scaling-spaces",
            "name": "scaling-spaces",
            "region": "nyc3",
            "urn": "do:space:scaling-spaces"
          },
          "private": "bnVsbA=="
        }
      ]
    }
  ]
}
